
Microsoft Visual Studio Solution File, Format Version 12.00
# Visual Studio Version 16
VisualStudioVersion = 16.0.31729.503
MinimumVisualStudioVersion = 10.0.40219.1
Project("{8BC9CEB8-8B4A-11D0-8D11-00A0C91BC942}") = "Project1", "Project1\Project1.vcxproj", "{30488DEF-0E9D-4F73-9474-414574FE7AA9}"
EndProject
Project("{8BC9CEB8-8B4A-11D0-8D11-00A0C91BC942}") = "Project2", "Project2\Project2.vcxproj", "{1F8B3DED-CCCD-49CF-865D-679E3020619E}"
EndProject
Project("{8BC9CEB8-8B4A-11D0-8D11-00A0C91BC942}") = "Project3", "Project3\Project3.vcxproj", "{3EFE63C6-54DE-4F1D-B015-E8B1FBD5BC02}"
EndProject
Global
	GlobalSection(SolutionConfigurationPlatforms) = preSolution
		Debug|x64 = Debug|x64
		Debug|x86 = Debug|x86
		Release|x64 = Release|x64
		Release|x86 = Release|x86
	EndGlobalSection
	GlobalSection(ProjectConfigurationPlatforms) = postSolution
		{30488DEF-0E9D-4F73-9474-414574FE7AA9}.Debug|x64.ActiveCfg = Debug|x64
		{30488DEF-0E9D-4F73-9474-414574FE7AA9}.Debug|x64.Build.0 = Debug|x64
		{30488DEF-0E9D-4F73-9474-414574FE7AA9}.Debug|x86.ActiveCfg = Debug|Win32
		{30488DEF-0E9D-4F73-9474-414574FE7AA9}.Debug|x86.Build.0 = Debug|Win32
		{30488DEF-0E9D-4F73-9474-414574FE7AA9}.Release|x64.ActiveCfg = Release|x64
		{30488DEF-0E9D-4F73-9474-414574FE7AA9}.Release|x64.Build.0 = Release|x64
		{30488DEF-0E9D-4F73-9474-414574FE7AA9}.Release|x86.ActiveCfg = Release|Win32
		{30488DEF-0E9D-4F73-9474-414574FE7AA9}.Release|x86.Build.0 = Release|Win32
		{1F8B3DED-CCCD-49CF-865D-679E3020619E}.Debug|x64.ActiveCfg = Debug|x64
		{1F8B3DED-CCCD-49CF-865D-679E3020619E}.Debug|x64.Build.0 = Debug|x64
		{1F8B3DED-CCCD-49CF-865D-679E3020619E}.Debug|x86.ActiveCfg = Debug|Win32
		{1F8B3DED-CCCD-49CF-865D-679E3020619E}.Debug|x86.Build.0 = Debug|Win32
		{1F8B3DED-CCCD-49CF-865D-679E3020619E}.Release|x64.ActiveCfg = Release|x64
		{1F8B3DED-CCCD-49CF-865D-679E3020619E}.Release|x64.Build.0 = Release|x64
		{1F8B3DED-CCCD-49CF-865D-679E3020619E}.Release|x86.ActiveCfg = Release|Win32
		{1F8B3DED-CCCD-49CF-865D-679E3020619E}.Release|x86.Build.0 = Release|Win32
		{3EFE63C6-54DE-4F1D-B015-E8B1FBD5BC02}.Debug|x64.ActiveCfg = Debug|x64
		{3EFE63C6-54DE-4F1D-B015-E8B1FBD5BC02}.Debug|x64.Build.0 = Debug|x64
		{3EFE63C6-54DE-4F1D-B015-E8B1FBD5BC02}.Debug|x86.ActiveCfg = Debug|Win32
		{3EFE63C6-54DE-4F1D-B015-E8B1FBD5BC02}.Debug|x86.Build.0 = Debug|Win32
		{3EFE63C6-54DE-4F1D-B015-E8B1FBD5BC02}.Release|x64.ActiveCfg = Release|x64
		{3EFE63C6-54DE-4F1D-B015-E8B1FBD5BC02}.Release|x64.Build.0 = Release|x64
		{3EFE63C6-54DE-4F1D-B015-E8B1FBD5BC02}.Release|x86.ActiveCfg = Release|Win32
		{3EFE63C6-54DE-4F1D-B015-E8B1FBD5BC02}.Release|x86.Build.0 = Release|Win32
	EndGlobalSection
	GlobalSection(SolutionProperties) = preSolution
		HideSolutionNode = FALSE
	EndGlobalSection
	GlobalSection(ExtensibilityGlobals) = postSolution
		SolutionGuid = {3D346818-1F86-4ED1-8958-637A27701DEB}
	EndGlobalSection
EndGlobal
