
Microsoft Visual Studio Solution File, Format Version 12.00
# Visual Studio Version 16
VisualStudioVersion = 16.0.31729.503
MinimumVisualStudioVersion = 10.0.40219.1
Project("{8BC9CEB8-8B4A-11D0-8D11-00A0C91BC942}") = "Example1", "Example1\Example1.vcxproj", "{36788655-DD8A-491F-B6AC-F0861DC8E1BD}"
EndProject
Global
	GlobalSection(SolutionConfigurationPlatforms) = preSolution
		Debug|x64 = Debug|x64
		Debug|x86 = Debug|x86
		Release|x64 = Release|x64
		Release|x86 = Release|x86
	EndGlobalSection
	GlobalSection(ProjectConfigurationPlatforms) = postSolution
		{36788655-DD8A-491F-B6AC-F0861DC8E1BD}.Debug|x64.ActiveCfg = Debug|x64
		{36788655-DD8A-491F-B6AC-F0861DC8E1BD}.Debug|x64.Build.0 = Debug|x64
		{36788655-DD8A-491F-B6AC-F0861DC8E1BD}.Debug|x86.ActiveCfg = Debug|Win32
		{36788655-DD8A-491F-B6AC-F0861DC8E1BD}.Debug|x86.Build.0 = Debug|Win32
		{36788655-DD8A-491F-B6AC-F0861DC8E1BD}.Release|x64.ActiveCfg = Release|x64
		{36788655-DD8A-491F-B6AC-F0861DC8E1BD}.Release|x64.Build.0 = Release|x64
		{36788655-DD8A-491F-B6AC-F0861DC8E1BD}.Release|x86.ActiveCfg = Release|Win32
		{36788655-DD8A-491F-B6AC-F0861DC8E1BD}.Release|x86.Build.0 = Release|Win32
	EndGlobalSection
	GlobalSection(SolutionProperties) = preSolution
		HideSolutionNode = FALSE
	EndGlobalSection
	GlobalSection(ExtensibilityGlobals) = postSolution
		SolutionGuid = {760D17E8-D571-48B1-8B15-80996A7D6CDC}
	EndGlobalSection
EndGlobal
