
Microsoft Visual Studio Solution File, Format Version 12.00
# Visual Studio Version 16
VisualStudioVersion = 16.0.31624.102
MinimumVisualStudioVersion = 10.0.40219.1
Project("{8BC9CEB8-8B4A-11D0-8D11-00A0C91BC942}") = "task4num2", "task4num2\task4num2.vcxproj", "{22E56F84-9B27-47F8-BCC3-366791730AD6}"
EndProject
Global
	GlobalSection(SolutionConfigurationPlatforms) = preSolution
		Debug|x64 = Debug|x64
		Debug|x86 = Debug|x86
		Release|x64 = Release|x64
		Release|x86 = Release|x86
	EndGlobalSection
	GlobalSection(ProjectConfigurationPlatforms) = postSolution
		{22E56F84-9B27-47F8-BCC3-366791730AD6}.Debug|x64.ActiveCfg = Debug|x64
		{22E56F84-9B27-47F8-BCC3-366791730AD6}.Debug|x64.Build.0 = Debug|x64
		{22E56F84-9B27-47F8-BCC3-366791730AD6}.Debug|x86.ActiveCfg = Debug|Win32
		{22E56F84-9B27-47F8-BCC3-366791730AD6}.Debug|x86.Build.0 = Debug|Win32
		{22E56F84-9B27-47F8-BCC3-366791730AD6}.Release|x64.ActiveCfg = Release|x64
		{22E56F84-9B27-47F8-BCC3-366791730AD6}.Release|x64.Build.0 = Release|x64
		{22E56F84-9B27-47F8-BCC3-366791730AD6}.Release|x86.ActiveCfg = Release|Win32
		{22E56F84-9B27-47F8-BCC3-366791730AD6}.Release|x86.Build.0 = Release|Win32
	EndGlobalSection
	GlobalSection(SolutionProperties) = preSolution
		HideSolutionNode = FALSE
	EndGlobalSection
	GlobalSection(ExtensibilityGlobals) = postSolution
		SolutionGuid = {1CC1D253-58B1-4269-ABC9-D3CEDB6AC246}
	EndGlobalSection
EndGlobal
