
Microsoft Visual Studio Solution File, Format Version 12.00
# Visual Studio Version 16
VisualStudioVersion = 16.0.31729.503
MinimumVisualStudioVersion = 10.0.40219.1
Project("{888888A0-9F3D-457C-B088-3A5042F75D52}") = "h2", "h3\h2.pyproj", "{A519C40A-1EAC-4CB1-A608-2A8992A4E70C}"
EndProject
Global
	GlobalSection(SolutionConfigurationPlatforms) = preSolution
		Debug|Any CPU = Debug|Any CPU
		Release|Any CPU = Release|Any CPU
	EndGlobalSection
	GlobalSection(ProjectConfigurationPlatforms) = postSolution
		{A519C40A-1EAC-4CB1-A608-2A8992A4E70C}.Debug|Any CPU.ActiveCfg = Debug|Any CPU
		{A519C40A-1EAC-4CB1-A608-2A8992A4E70C}.Release|Any CPU.ActiveCfg = Release|Any CPU
	EndGlobalSection
	GlobalSection(SolutionProperties) = preSolution
		HideSolutionNode = FALSE
	EndGlobalSection
	GlobalSection(ExtensibilityGlobals) = postSolution
		SolutionGuid = {C2158776-10D1-420F-82C1-2A16FCBF03DE}
	EndGlobalSection
EndGlobal
