
Microsoft Visual Studio Solution File, Format Version 12.00
# Visual Studio Version 16
VisualStudioVersion = 16.0.31729.503
MinimumVisualStudioVersion = 10.0.40219.1
Project("{FAE04EC0-301F-11D3-BF4B-00C04F79EFBC}") = "SD2_Burlachenko_practical7", "SD2_Burlachenko_practical7\SD2_Burlachenko_practical7.csproj", "{F250AEEB-EDB3-4E87-B825-EB6FABB3A9CB}"
EndProject
Project("{FAE04EC0-301F-11D3-BF4B-00C04F79EFBC}") = "Example2", "Example2\Example2.csproj", "{35F69397-38AA-4F8F-9020-CF9FBAE3905D}"
EndProject
Global
	GlobalSection(SolutionConfigurationPlatforms) = preSolution
		Debug|Any CPU = Debug|Any CPU
		Release|Any CPU = Release|Any CPU
	EndGlobalSection
	GlobalSection(ProjectConfigurationPlatforms) = postSolution
		{F250AEEB-EDB3-4E87-B825-EB6FABB3A9CB}.Debug|Any CPU.ActiveCfg = Debug|Any CPU
		{F250AEEB-EDB3-4E87-B825-EB6FABB3A9CB}.Debug|Any CPU.Build.0 = Debug|Any CPU
		{F250AEEB-EDB3-4E87-B825-EB6FABB3A9CB}.Release|Any CPU.ActiveCfg = Release|Any CPU
		{F250AEEB-EDB3-4E87-B825-EB6FABB3A9CB}.Release|Any CPU.Build.0 = Release|Any CPU
		{35F69397-38AA-4F8F-9020-CF9FBAE3905D}.Debug|Any CPU.ActiveCfg = Debug|Any CPU
		{35F69397-38AA-4F8F-9020-CF9FBAE3905D}.Debug|Any CPU.Build.0 = Debug|Any CPU
		{35F69397-38AA-4F8F-9020-CF9FBAE3905D}.Release|Any CPU.ActiveCfg = Release|Any CPU
		{35F69397-38AA-4F8F-9020-CF9FBAE3905D}.Release|Any CPU.Build.0 = Release|Any CPU
	EndGlobalSection
	GlobalSection(SolutionProperties) = preSolution
		HideSolutionNode = FALSE
	EndGlobalSection
	GlobalSection(ExtensibilityGlobals) = postSolution
		SolutionGuid = {6E69E8F0-5D2E-4398-8521-116F23E090A4}
	EndGlobalSection
EndGlobal
