
Microsoft Visual Studio Solution File, Format Version 12.00
# Visual Studio Version 16
VisualStudioVersion = 16.0.31729.503
MinimumVisualStudioVersion = 10.0.40219.1
Project("{8BC9CEB8-8B4A-11D0-8D11-00A0C91BC942}") = "Project1", "Project1\Project1.vcxproj", "{271B5331-5D9C-4239-8444-A9FB3D02FFD1}"
EndProject
Project("{8BC9CEB8-8B4A-11D0-8D11-00A0C91BC942}") = "Project2", "Project2\Project2.vcxproj", "{A4480E6D-A197-4783-984A-3CEBA2639C37}"
EndProject
Global
	GlobalSection(SolutionConfigurationPlatforms) = preSolution
		Debug|x64 = Debug|x64
		Debug|x86 = Debug|x86
		Release|x64 = Release|x64
		Release|x86 = Release|x86
	EndGlobalSection
	GlobalSection(ProjectConfigurationPlatforms) = postSolution
		{271B5331-5D9C-4239-8444-A9FB3D02FFD1}.Debug|x64.ActiveCfg = Debug|x64
		{271B5331-5D9C-4239-8444-A9FB3D02FFD1}.Debug|x64.Build.0 = Debug|x64
		{271B5331-5D9C-4239-8444-A9FB3D02FFD1}.Debug|x86.ActiveCfg = Debug|Win32
		{271B5331-5D9C-4239-8444-A9FB3D02FFD1}.Debug|x86.Build.0 = Debug|Win32
		{271B5331-5D9C-4239-8444-A9FB3D02FFD1}.Release|x64.ActiveCfg = Release|x64
		{271B5331-5D9C-4239-8444-A9FB3D02FFD1}.Release|x64.Build.0 = Release|x64
		{271B5331-5D9C-4239-8444-A9FB3D02FFD1}.Release|x86.ActiveCfg = Release|Win32
		{271B5331-5D9C-4239-8444-A9FB3D02FFD1}.Release|x86.Build.0 = Release|Win32
		{A4480E6D-A197-4783-984A-3CEBA2639C37}.Debug|x64.ActiveCfg = Debug|x64
		{A4480E6D-A197-4783-984A-3CEBA2639C37}.Debug|x64.Build.0 = Debug|x64
		{A4480E6D-A197-4783-984A-3CEBA2639C37}.Debug|x86.ActiveCfg = Debug|Win32
		{A4480E6D-A197-4783-984A-3CEBA2639C37}.Debug|x86.Build.0 = Debug|Win32
		{A4480E6D-A197-4783-984A-3CEBA2639C37}.Release|x64.ActiveCfg = Release|x64
		{A4480E6D-A197-4783-984A-3CEBA2639C37}.Release|x64.Build.0 = Release|x64
		{A4480E6D-A197-4783-984A-3CEBA2639C37}.Release|x86.ActiveCfg = Release|Win32
		{A4480E6D-A197-4783-984A-3CEBA2639C37}.Release|x86.Build.0 = Release|Win32
	EndGlobalSection
	GlobalSection(SolutionProperties) = preSolution
		HideSolutionNode = FALSE
	EndGlobalSection
	GlobalSection(ExtensibilityGlobals) = postSolution
		SolutionGuid = {9CCF31A4-0EFE-4FA9-B4E6-87A3A1E9F025}
	EndGlobalSection
EndGlobal
