
Microsoft Visual Studio Solution File, Format Version 12.00
# Visual Studio Version 17
VisualStudioVersion = 17.3.32825.248
MinimumVisualStudioVersion = 10.0.40219.1
Project("{FAE04EC0-301F-11D3-BF4B-00C04F79EFBC}") = "Animals", "Animals\Animals.csproj", "{44F6716A-E3A8-47F2-B55C-3B786724091E}"
EndProject
Project("{FAE04EC0-301F-11D3-BF4B-00C04F79EFBC}") = "Cathedra", "Cathedra\Cathedra.csproj", "{DFF7D294-DADC-46CB-8D5C-1F2417C86376}"
EndProject
Global
	GlobalSection(SolutionConfigurationPlatforms) = preSolution
		Debug|Any CPU = Debug|Any CPU
		Release|Any CPU = Release|Any CPU
	EndGlobalSection
	GlobalSection(ProjectConfigurationPlatforms) = postSolution
		{44F6716A-E3A8-47F2-B55C-3B786724091E}.Debug|Any CPU.ActiveCfg = Debug|Any CPU
		{44F6716A-E3A8-47F2-B55C-3B786724091E}.Debug|Any CPU.Build.0 = Debug|Any CPU
		{44F6716A-E3A8-47F2-B55C-3B786724091E}.Release|Any CPU.ActiveCfg = Release|Any CPU
		{44F6716A-E3A8-47F2-B55C-3B786724091E}.Release|Any CPU.Build.0 = Release|Any CPU
		{DFF7D294-DADC-46CB-8D5C-1F2417C86376}.Debug|Any CPU.ActiveCfg = Debug|Any CPU
		{DFF7D294-DADC-46CB-8D5C-1F2417C86376}.Debug|Any CPU.Build.0 = Debug|Any CPU
		{DFF7D294-DADC-46CB-8D5C-1F2417C86376}.Release|Any CPU.ActiveCfg = Release|Any CPU
		{DFF7D294-DADC-46CB-8D5C-1F2417C86376}.Release|Any CPU.Build.0 = Release|Any CPU
	EndGlobalSection
	GlobalSection(SolutionProperties) = preSolution
		HideSolutionNode = FALSE
	EndGlobalSection
	GlobalSection(ExtensibilityGlobals) = postSolution
		SolutionGuid = {0B13AF6D-04E3-485E-86B5-E0D8890C27E5}
	EndGlobalSection
EndGlobal
