
Microsoft Visual Studio Solution File, Format Version 12.00
# Visual Studio Version 16
VisualStudioVersion = 16.0.31624.102
MinimumVisualStudioVersion = 10.0.40219.1
Project("{8BC9CEB8-8B4A-11D0-8D11-00A0C91BC942}") = "ex1", "ex1\ex1.vcxproj", "{EB97C9E9-9198-4E78-BE21-4468BC781163}"
EndProject
Project("{8BC9CEB8-8B4A-11D0-8D11-00A0C91BC942}") = "ex2", "ex2\ex2.vcxproj", "{DAA92084-CE23-41D6-8167-995B3DE9549E}"
EndProject
Global
	GlobalSection(SolutionConfigurationPlatforms) = preSolution
		Debug|x64 = Debug|x64
		Debug|x86 = Debug|x86
		Release|x64 = Release|x64
		Release|x86 = Release|x86
	EndGlobalSection
	GlobalSection(ProjectConfigurationPlatforms) = postSolution
		{EB97C9E9-9198-4E78-BE21-4468BC781163}.Debug|x64.ActiveCfg = Debug|x64
		{EB97C9E9-9198-4E78-BE21-4468BC781163}.Debug|x64.Build.0 = Debug|x64
		{EB97C9E9-9198-4E78-BE21-4468BC781163}.Debug|x86.ActiveCfg = Debug|Win32
		{EB97C9E9-9198-4E78-BE21-4468BC781163}.Debug|x86.Build.0 = Debug|Win32
		{EB97C9E9-9198-4E78-BE21-4468BC781163}.Release|x64.ActiveCfg = Release|x64
		{EB97C9E9-9198-4E78-BE21-4468BC781163}.Release|x64.Build.0 = Release|x64
		{EB97C9E9-9198-4E78-BE21-4468BC781163}.Release|x86.ActiveCfg = Release|Win32
		{EB97C9E9-9198-4E78-BE21-4468BC781163}.Release|x86.Build.0 = Release|Win32
		{DAA92084-CE23-41D6-8167-995B3DE9549E}.Debug|x64.ActiveCfg = Debug|x64
		{DAA92084-CE23-41D6-8167-995B3DE9549E}.Debug|x64.Build.0 = Debug|x64
		{DAA92084-CE23-41D6-8167-995B3DE9549E}.Debug|x86.ActiveCfg = Debug|Win32
		{DAA92084-CE23-41D6-8167-995B3DE9549E}.Debug|x86.Build.0 = Debug|Win32
		{DAA92084-CE23-41D6-8167-995B3DE9549E}.Release|x64.ActiveCfg = Release|x64
		{DAA92084-CE23-41D6-8167-995B3DE9549E}.Release|x64.Build.0 = Release|x64
		{DAA92084-CE23-41D6-8167-995B3DE9549E}.Release|x86.ActiveCfg = Release|Win32
		{DAA92084-CE23-41D6-8167-995B3DE9549E}.Release|x86.Build.0 = Release|Win32
	EndGlobalSection
	GlobalSection(SolutionProperties) = preSolution
		HideSolutionNode = FALSE
	EndGlobalSection
	GlobalSection(ExtensibilityGlobals) = postSolution
		SolutionGuid = {88D3B241-437D-4D8E-8DF7-71B3BD2E5A40}
	EndGlobalSection
EndGlobal
