
Microsoft Visual Studio Solution File, Format Version 12.00
# Visual Studio Version 16
VisualStudioVersion = 16.0.31729.503
MinimumVisualStudioVersion = 10.0.40219.1
Project("{FAE04EC0-301F-11D3-BF4B-00C04F79EFBC}") = "SD2_Burlachenko_lection1", "SD2_Burlachenko_lection1\SD2_Burlachenko_lection1.csproj", "{0733871F-E265-4167-9D70-C21402919B44}"
EndProject
Global
	GlobalSection(SolutionConfigurationPlatforms) = preSolution
		Debug|Any CPU = Debug|Any CPU
		Release|Any CPU = Release|Any CPU
	EndGlobalSection
	GlobalSection(ProjectConfigurationPlatforms) = postSolution
		{0733871F-E265-4167-9D70-C21402919B44}.Debug|Any CPU.ActiveCfg = Debug|Any CPU
		{0733871F-E265-4167-9D70-C21402919B44}.Debug|Any CPU.Build.0 = Debug|Any CPU
		{0733871F-E265-4167-9D70-C21402919B44}.Release|Any CPU.ActiveCfg = Release|Any CPU
		{0733871F-E265-4167-9D70-C21402919B44}.Release|Any CPU.Build.0 = Release|Any CPU
	EndGlobalSection
	GlobalSection(SolutionProperties) = preSolution
		HideSolutionNode = FALSE
	EndGlobalSection
	GlobalSection(ExtensibilityGlobals) = postSolution
		SolutionGuid = {122DAC1A-DEF8-4234-B447-48910390ED2E}
	EndGlobalSection
EndGlobal
