
Microsoft Visual Studio Solution File, Format Version 12.00
# Visual Studio Version 16
VisualStudioVersion = 16.0.31624.102
MinimumVisualStudioVersion = 10.0.40219.1
Project("{8BC9CEB8-8B4A-11D0-8D11-00A0C91BC942}") = "ex1", "ex1\ex1.vcxproj", "{168C2DD2-CB43-4B79-A0AB-AD21830DEDE2}"
EndProject
Project("{8BC9CEB8-8B4A-11D0-8D11-00A0C91BC942}") = "ex2", "ex2\ex2.vcxproj", "{DF50E181-5E50-4189-A53E-4567E0F7AB5A}"
EndProject
Project("{8BC9CEB8-8B4A-11D0-8D11-00A0C91BC942}") = "ex3", "ex3\ex3.vcxproj", "{E24CF1ED-A294-4AE0-81EC-DCEE7AF8BD31}"
EndProject
Project("{8BC9CEB8-8B4A-11D0-8D11-00A0C91BC942}") = "ex4(individual)", "ex4(individual)\ex4(individual).vcxproj", "{CCD2D91D-073C-4C77-9EC4-C6E061B8D5CE}"
EndProject
Project("{8BC9CEB8-8B4A-11D0-8D11-00A0C91BC942}") = "Task1", "..\..\Контрольні роботи\SD2_Burlachenko_mid_semester-work1\Task1\Task1.vcxproj", "{41BBDE7A-5306-4BD8-9592-0547141E27BE}"
EndProject
Project("{8BC9CEB8-8B4A-11D0-8D11-00A0C91BC942}") = "Task2", "..\..\Контрольні роботи\SD2_Burlachenko_mid_semester-work1\Task2\Task2.vcxproj", "{4DDFF3F2-882B-4557-AE7D-A928F672AC87}"
EndProject
Global
	GlobalSection(SolutionConfigurationPlatforms) = preSolution
		Debug|x64 = Debug|x64
		Debug|x86 = Debug|x86
		Release|x64 = Release|x64
		Release|x86 = Release|x86
	EndGlobalSection
	GlobalSection(ProjectConfigurationPlatforms) = postSolution
		{168C2DD2-CB43-4B79-A0AB-AD21830DEDE2}.Debug|x64.ActiveCfg = Debug|x64
		{168C2DD2-CB43-4B79-A0AB-AD21830DEDE2}.Debug|x64.Build.0 = Debug|x64
		{168C2DD2-CB43-4B79-A0AB-AD21830DEDE2}.Debug|x86.ActiveCfg = Debug|Win32
		{168C2DD2-CB43-4B79-A0AB-AD21830DEDE2}.Debug|x86.Build.0 = Debug|Win32
		{168C2DD2-CB43-4B79-A0AB-AD21830DEDE2}.Release|x64.ActiveCfg = Release|x64
		{168C2DD2-CB43-4B79-A0AB-AD21830DEDE2}.Release|x64.Build.0 = Release|x64
		{168C2DD2-CB43-4B79-A0AB-AD21830DEDE2}.Release|x86.ActiveCfg = Release|Win32
		{168C2DD2-CB43-4B79-A0AB-AD21830DEDE2}.Release|x86.Build.0 = Release|Win32
		{DF50E181-5E50-4189-A53E-4567E0F7AB5A}.Debug|x64.ActiveCfg = Debug|x64
		{DF50E181-5E50-4189-A53E-4567E0F7AB5A}.Debug|x64.Build.0 = Debug|x64
		{DF50E181-5E50-4189-A53E-4567E0F7AB5A}.Debug|x86.ActiveCfg = Debug|Win32
		{DF50E181-5E50-4189-A53E-4567E0F7AB5A}.Debug|x86.Build.0 = Debug|Win32
		{DF50E181-5E50-4189-A53E-4567E0F7AB5A}.Release|x64.ActiveCfg = Release|x64
		{DF50E181-5E50-4189-A53E-4567E0F7AB5A}.Release|x64.Build.0 = Release|x64
		{DF50E181-5E50-4189-A53E-4567E0F7AB5A}.Release|x86.ActiveCfg = Release|Win32
		{DF50E181-5E50-4189-A53E-4567E0F7AB5A}.Release|x86.Build.0 = Release|Win32
		{E24CF1ED-A294-4AE0-81EC-DCEE7AF8BD31}.Debug|x64.ActiveCfg = Debug|x64
		{E24CF1ED-A294-4AE0-81EC-DCEE7AF8BD31}.Debug|x64.Build.0 = Debug|x64
		{E24CF1ED-A294-4AE0-81EC-DCEE7AF8BD31}.Debug|x86.ActiveCfg = Debug|Win32
		{E24CF1ED-A294-4AE0-81EC-DCEE7AF8BD31}.Debug|x86.Build.0 = Debug|Win32
		{E24CF1ED-A294-4AE0-81EC-DCEE7AF8BD31}.Release|x64.ActiveCfg = Release|x64
		{E24CF1ED-A294-4AE0-81EC-DCEE7AF8BD31}.Release|x64.Build.0 = Release|x64
		{E24CF1ED-A294-4AE0-81EC-DCEE7AF8BD31}.Release|x86.ActiveCfg = Release|Win32
		{E24CF1ED-A294-4AE0-81EC-DCEE7AF8BD31}.Release|x86.Build.0 = Release|Win32
		{CCD2D91D-073C-4C77-9EC4-C6E061B8D5CE}.Debug|x64.ActiveCfg = Debug|x64
		{CCD2D91D-073C-4C77-9EC4-C6E061B8D5CE}.Debug|x64.Build.0 = Debug|x64
		{CCD2D91D-073C-4C77-9EC4-C6E061B8D5CE}.Debug|x86.ActiveCfg = Debug|Win32
		{CCD2D91D-073C-4C77-9EC4-C6E061B8D5CE}.Debug|x86.Build.0 = Debug|Win32
		{CCD2D91D-073C-4C77-9EC4-C6E061B8D5CE}.Release|x64.ActiveCfg = Release|x64
		{CCD2D91D-073C-4C77-9EC4-C6E061B8D5CE}.Release|x64.Build.0 = Release|x64
		{CCD2D91D-073C-4C77-9EC4-C6E061B8D5CE}.Release|x86.ActiveCfg = Release|Win32
		{CCD2D91D-073C-4C77-9EC4-C6E061B8D5CE}.Release|x86.Build.0 = Release|Win32
		{41BBDE7A-5306-4BD8-9592-0547141E27BE}.Debug|x64.ActiveCfg = Debug|x64
		{41BBDE7A-5306-4BD8-9592-0547141E27BE}.Debug|x64.Build.0 = Debug|x64
		{41BBDE7A-5306-4BD8-9592-0547141E27BE}.Debug|x86.ActiveCfg = Debug|Win32
		{41BBDE7A-5306-4BD8-9592-0547141E27BE}.Debug|x86.Build.0 = Debug|Win32
		{41BBDE7A-5306-4BD8-9592-0547141E27BE}.Release|x64.ActiveCfg = Release|x64
		{41BBDE7A-5306-4BD8-9592-0547141E27BE}.Release|x64.Build.0 = Release|x64
		{41BBDE7A-5306-4BD8-9592-0547141E27BE}.Release|x86.ActiveCfg = Release|Win32
		{41BBDE7A-5306-4BD8-9592-0547141E27BE}.Release|x86.Build.0 = Release|Win32
		{4DDFF3F2-882B-4557-AE7D-A928F672AC87}.Debug|x64.ActiveCfg = Debug|x64
		{4DDFF3F2-882B-4557-AE7D-A928F672AC87}.Debug|x64.Build.0 = Debug|x64
		{4DDFF3F2-882B-4557-AE7D-A928F672AC87}.Debug|x86.ActiveCfg = Debug|Win32
		{4DDFF3F2-882B-4557-AE7D-A928F672AC87}.Debug|x86.Build.0 = Debug|Win32
		{4DDFF3F2-882B-4557-AE7D-A928F672AC87}.Release|x64.ActiveCfg = Release|x64
		{4DDFF3F2-882B-4557-AE7D-A928F672AC87}.Release|x64.Build.0 = Release|x64
		{4DDFF3F2-882B-4557-AE7D-A928F672AC87}.Release|x86.ActiveCfg = Release|Win32
		{4DDFF3F2-882B-4557-AE7D-A928F672AC87}.Release|x86.Build.0 = Release|Win32
	EndGlobalSection
	GlobalSection(SolutionProperties) = preSolution
		HideSolutionNode = FALSE
	EndGlobalSection
	GlobalSection(ExtensibilityGlobals) = postSolution
		SolutionGuid = {FFB4B0F6-E034-4A6E-BD0A-E2D5897C87CC}
	EndGlobalSection
EndGlobal
