
Microsoft Visual Studio Solution File, Format Version 12.00
# Visual Studio Version 16
VisualStudioVersion = 16.0.31624.102
MinimumVisualStudioVersion = 10.0.40219.1
Project("{8BC9CEB8-8B4A-11D0-8D11-00A0C91BC942}") = "example3", "example3\example3.vcxproj", "{E2FECA2B-C69F-4433-A72A-6EEA95A58C6C}"
EndProject
Project("{8BC9CEB8-8B4A-11D0-8D11-00A0C91BC942}") = "example4", "..\example4\example4\example4.vcxproj", "{5A8DE864-160A-4C04-B637-5D540EFD4694}"
EndProject
Project("{8BC9CEB8-8B4A-11D0-8D11-00A0C91BC942}") = "example5", "..\example5\example5\example5.vcxproj", "{8A454B72-F55F-4304-AE67-2B4325680A3D}"
EndProject
Global
	GlobalSection(SolutionConfigurationPlatforms) = preSolution
		Debug|x64 = Debug|x64
		Debug|x86 = Debug|x86
		Release|x64 = Release|x64
		Release|x86 = Release|x86
	EndGlobalSection
	GlobalSection(ProjectConfigurationPlatforms) = postSolution
		{E2FECA2B-C69F-4433-A72A-6EEA95A58C6C}.Debug|x64.ActiveCfg = Debug|x64
		{E2FECA2B-C69F-4433-A72A-6EEA95A58C6C}.Debug|x64.Build.0 = Debug|x64
		{E2FECA2B-C69F-4433-A72A-6EEA95A58C6C}.Debug|x86.ActiveCfg = Debug|Win32
		{E2FECA2B-C69F-4433-A72A-6EEA95A58C6C}.Debug|x86.Build.0 = Debug|Win32
		{E2FECA2B-C69F-4433-A72A-6EEA95A58C6C}.Release|x64.ActiveCfg = Release|x64
		{E2FECA2B-C69F-4433-A72A-6EEA95A58C6C}.Release|x64.Build.0 = Release|x64
		{E2FECA2B-C69F-4433-A72A-6EEA95A58C6C}.Release|x86.ActiveCfg = Release|Win32
		{E2FECA2B-C69F-4433-A72A-6EEA95A58C6C}.Release|x86.Build.0 = Release|Win32
		{5A8DE864-160A-4C04-B637-5D540EFD4694}.Debug|x64.ActiveCfg = Debug|x64
		{5A8DE864-160A-4C04-B637-5D540EFD4694}.Debug|x64.Build.0 = Debug|x64
		{5A8DE864-160A-4C04-B637-5D540EFD4694}.Debug|x86.ActiveCfg = Debug|Win32
		{5A8DE864-160A-4C04-B637-5D540EFD4694}.Debug|x86.Build.0 = Debug|Win32
		{5A8DE864-160A-4C04-B637-5D540EFD4694}.Release|x64.ActiveCfg = Release|x64
		{5A8DE864-160A-4C04-B637-5D540EFD4694}.Release|x64.Build.0 = Release|x64
		{5A8DE864-160A-4C04-B637-5D540EFD4694}.Release|x86.ActiveCfg = Release|Win32
		{5A8DE864-160A-4C04-B637-5D540EFD4694}.Release|x86.Build.0 = Release|Win32
		{8A454B72-F55F-4304-AE67-2B4325680A3D}.Debug|x64.ActiveCfg = Debug|x64
		{8A454B72-F55F-4304-AE67-2B4325680A3D}.Debug|x64.Build.0 = Debug|x64
		{8A454B72-F55F-4304-AE67-2B4325680A3D}.Debug|x86.ActiveCfg = Debug|Win32
		{8A454B72-F55F-4304-AE67-2B4325680A3D}.Debug|x86.Build.0 = Debug|Win32
		{8A454B72-F55F-4304-AE67-2B4325680A3D}.Release|x64.ActiveCfg = Release|x64
		{8A454B72-F55F-4304-AE67-2B4325680A3D}.Release|x64.Build.0 = Release|x64
		{8A454B72-F55F-4304-AE67-2B4325680A3D}.Release|x86.ActiveCfg = Release|Win32
		{8A454B72-F55F-4304-AE67-2B4325680A3D}.Release|x86.Build.0 = Release|Win32
	EndGlobalSection
	GlobalSection(SolutionProperties) = preSolution
		HideSolutionNode = FALSE
	EndGlobalSection
	GlobalSection(ExtensibilityGlobals) = postSolution
		SolutionGuid = {99488012-D93E-400F-89F2-1F4E9B9EFEC0}
	EndGlobalSection
EndGlobal
