
Microsoft Visual Studio Solution File, Format Version 12.00
# Visual Studio Version 16
VisualStudioVersion = 16.0.31729.503
MinimumVisualStudioVersion = 10.0.40219.1
Project("{8BC9CEB8-8B4A-11D0-8D11-00A0C91BC942}") = "Project1", "Project1\Project1.vcxproj", "{B5EA0A9F-482D-46F4-8860-4042E149D8A6}"
EndProject
Project("{8BC9CEB8-8B4A-11D0-8D11-00A0C91BC942}") = "Project2", "Project2\Project2.vcxproj", "{A0346A4A-1F72-436C-ACB5-8D4515F16D62}"
EndProject
Global
	GlobalSection(SolutionConfigurationPlatforms) = preSolution
		Debug|x64 = Debug|x64
		Debug|x86 = Debug|x86
		Release|x64 = Release|x64
		Release|x86 = Release|x86
	EndGlobalSection
	GlobalSection(ProjectConfigurationPlatforms) = postSolution
		{B5EA0A9F-482D-46F4-8860-4042E149D8A6}.Debug|x64.ActiveCfg = Debug|x64
		{B5EA0A9F-482D-46F4-8860-4042E149D8A6}.Debug|x64.Build.0 = Debug|x64
		{B5EA0A9F-482D-46F4-8860-4042E149D8A6}.Debug|x86.ActiveCfg = Debug|Win32
		{B5EA0A9F-482D-46F4-8860-4042E149D8A6}.Debug|x86.Build.0 = Debug|Win32
		{B5EA0A9F-482D-46F4-8860-4042E149D8A6}.Release|x64.ActiveCfg = Release|x64
		{B5EA0A9F-482D-46F4-8860-4042E149D8A6}.Release|x64.Build.0 = Release|x64
		{B5EA0A9F-482D-46F4-8860-4042E149D8A6}.Release|x86.ActiveCfg = Release|Win32
		{B5EA0A9F-482D-46F4-8860-4042E149D8A6}.Release|x86.Build.0 = Release|Win32
		{A0346A4A-1F72-436C-ACB5-8D4515F16D62}.Debug|x64.ActiveCfg = Debug|x64
		{A0346A4A-1F72-436C-ACB5-8D4515F16D62}.Debug|x64.Build.0 = Debug|x64
		{A0346A4A-1F72-436C-ACB5-8D4515F16D62}.Debug|x86.ActiveCfg = Debug|Win32
		{A0346A4A-1F72-436C-ACB5-8D4515F16D62}.Debug|x86.Build.0 = Debug|Win32
		{A0346A4A-1F72-436C-ACB5-8D4515F16D62}.Release|x64.ActiveCfg = Release|x64
		{A0346A4A-1F72-436C-ACB5-8D4515F16D62}.Release|x64.Build.0 = Release|x64
		{A0346A4A-1F72-436C-ACB5-8D4515F16D62}.Release|x86.ActiveCfg = Release|Win32
		{A0346A4A-1F72-436C-ACB5-8D4515F16D62}.Release|x86.Build.0 = Release|Win32
	EndGlobalSection
	GlobalSection(SolutionProperties) = preSolution
		HideSolutionNode = FALSE
	EndGlobalSection
	GlobalSection(ExtensibilityGlobals) = postSolution
		SolutionGuid = {226AB320-903B-42D5-85FF-4DE1C6DC9796}
	EndGlobalSection
EndGlobal
