
Microsoft Visual Studio Solution File, Format Version 12.00
# Visual Studio Version 16
VisualStudioVersion = 16.0.31729.503
MinimumVisualStudioVersion = 10.0.40219.1
Project("{8BC9CEB8-8B4A-11D0-8D11-00A0C91BC942}") = "task1", "task1\task1.vcxproj", "{8FBA89AA-3C49-43AD-989A-3B10BA033193}"
EndProject
Project("{8BC9CEB8-8B4A-11D0-8D11-00A0C91BC942}") = "task2", "task\task.vcxproj", "{C6FEE6CA-9A92-4F67-BACB-6F7FDAD0ED82}"
EndProject
Global
	GlobalSection(SolutionConfigurationPlatforms) = preSolution
		Debug|x64 = Debug|x64
		Debug|x86 = Debug|x86
		Release|x64 = Release|x64
		Release|x86 = Release|x86
	EndGlobalSection
	GlobalSection(ProjectConfigurationPlatforms) = postSolution
		{8FBA89AA-3C49-43AD-989A-3B10BA033193}.Debug|x64.ActiveCfg = Debug|x64
		{8FBA89AA-3C49-43AD-989A-3B10BA033193}.Debug|x64.Build.0 = Debug|x64
		{8FBA89AA-3C49-43AD-989A-3B10BA033193}.Debug|x86.ActiveCfg = Debug|Win32
		{8FBA89AA-3C49-43AD-989A-3B10BA033193}.Debug|x86.Build.0 = Debug|Win32
		{8FBA89AA-3C49-43AD-989A-3B10BA033193}.Release|x64.ActiveCfg = Release|x64
		{8FBA89AA-3C49-43AD-989A-3B10BA033193}.Release|x64.Build.0 = Release|x64
		{8FBA89AA-3C49-43AD-989A-3B10BA033193}.Release|x86.ActiveCfg = Release|Win32
		{8FBA89AA-3C49-43AD-989A-3B10BA033193}.Release|x86.Build.0 = Release|Win32
		{C6FEE6CA-9A92-4F67-BACB-6F7FDAD0ED82}.Debug|x64.ActiveCfg = Debug|x64
		{C6FEE6CA-9A92-4F67-BACB-6F7FDAD0ED82}.Debug|x64.Build.0 = Debug|x64
		{C6FEE6CA-9A92-4F67-BACB-6F7FDAD0ED82}.Debug|x86.ActiveCfg = Debug|Win32
		{C6FEE6CA-9A92-4F67-BACB-6F7FDAD0ED82}.Debug|x86.Build.0 = Debug|Win32
		{C6FEE6CA-9A92-4F67-BACB-6F7FDAD0ED82}.Release|x64.ActiveCfg = Release|x64
		{C6FEE6CA-9A92-4F67-BACB-6F7FDAD0ED82}.Release|x64.Build.0 = Release|x64
		{C6FEE6CA-9A92-4F67-BACB-6F7FDAD0ED82}.Release|x86.ActiveCfg = Release|Win32
		{C6FEE6CA-9A92-4F67-BACB-6F7FDAD0ED82}.Release|x86.Build.0 = Release|Win32
	EndGlobalSection
	GlobalSection(SolutionProperties) = preSolution
		HideSolutionNode = FALSE
	EndGlobalSection
	GlobalSection(ExtensibilityGlobals) = postSolution
		SolutionGuid = {C8C61200-6684-4796-A844-A0C4854AA2C3}
	EndGlobalSection
EndGlobal
