
Microsoft Visual Studio Solution File, Format Version 12.00
# Visual Studio Version 16
VisualStudioVersion = 16.0.31624.102
MinimumVisualStudioVersion = 10.0.40219.1
Project("{8BC9CEB8-8B4A-11D0-8D11-00A0C91BC942}") = "Example1", "Example1\Example1.vcxproj", "{1726873A-C3CD-402B-92DC-0E02C522ABEE}"
EndProject
Project("{8BC9CEB8-8B4A-11D0-8D11-00A0C91BC942}") = "Project2", "Project2\Project2.vcxproj", "{F9753A84-A268-41AD-9AA4-45B8759F5374}"
EndProject
Project("{8BC9CEB8-8B4A-11D0-8D11-00A0C91BC942}") = "Project3", "Project3\Project3.vcxproj", "{F1E10127-DD00-4668-9125-A2A4D8272485}"
EndProject
Project("{8BC9CEB8-8B4A-11D0-8D11-00A0C91BC942}") = "Project4", "Project4\Project4.vcxproj", "{3DEF488D-9356-49D5-AD48-49AAEBEB80F3}"
EndProject
Project("{8BC9CEB8-8B4A-11D0-8D11-00A0C91BC942}") = "Project5", "Project6\Project6.vcxproj", "{DD9DB079-6B29-4A6C-8CAC-0CFE974DDCCB}"
EndProject
Project("{8BC9CEB8-8B4A-11D0-8D11-00A0C91BC942}") = "Project7", "Project7\Project7.vcxproj", "{014E6559-D006-496D-9668-AC025590796D}"
EndProject
Global
	GlobalSection(SolutionConfigurationPlatforms) = preSolution
		Debug|x64 = Debug|x64
		Debug|x86 = Debug|x86
		Release|x64 = Release|x64
		Release|x86 = Release|x86
	EndGlobalSection
	GlobalSection(ProjectConfigurationPlatforms) = postSolution
		{1726873A-C3CD-402B-92DC-0E02C522ABEE}.Debug|x64.ActiveCfg = Debug|x64
		{1726873A-C3CD-402B-92DC-0E02C522ABEE}.Debug|x64.Build.0 = Debug|x64
		{1726873A-C3CD-402B-92DC-0E02C522ABEE}.Debug|x86.ActiveCfg = Debug|Win32
		{1726873A-C3CD-402B-92DC-0E02C522ABEE}.Debug|x86.Build.0 = Debug|Win32
		{1726873A-C3CD-402B-92DC-0E02C522ABEE}.Release|x64.ActiveCfg = Release|x64
		{1726873A-C3CD-402B-92DC-0E02C522ABEE}.Release|x64.Build.0 = Release|x64
		{1726873A-C3CD-402B-92DC-0E02C522ABEE}.Release|x86.ActiveCfg = Release|Win32
		{1726873A-C3CD-402B-92DC-0E02C522ABEE}.Release|x86.Build.0 = Release|Win32
		{F9753A84-A268-41AD-9AA4-45B8759F5374}.Debug|x64.ActiveCfg = Debug|x64
		{F9753A84-A268-41AD-9AA4-45B8759F5374}.Debug|x64.Build.0 = Debug|x64
		{F9753A84-A268-41AD-9AA4-45B8759F5374}.Debug|x86.ActiveCfg = Debug|Win32
		{F9753A84-A268-41AD-9AA4-45B8759F5374}.Debug|x86.Build.0 = Debug|Win32
		{F9753A84-A268-41AD-9AA4-45B8759F5374}.Release|x64.ActiveCfg = Release|x64
		{F9753A84-A268-41AD-9AA4-45B8759F5374}.Release|x64.Build.0 = Release|x64
		{F9753A84-A268-41AD-9AA4-45B8759F5374}.Release|x86.ActiveCfg = Release|Win32
		{F9753A84-A268-41AD-9AA4-45B8759F5374}.Release|x86.Build.0 = Release|Win32
		{F1E10127-DD00-4668-9125-A2A4D8272485}.Debug|x64.ActiveCfg = Debug|x64
		{F1E10127-DD00-4668-9125-A2A4D8272485}.Debug|x64.Build.0 = Debug|x64
		{F1E10127-DD00-4668-9125-A2A4D8272485}.Debug|x86.ActiveCfg = Debug|Win32
		{F1E10127-DD00-4668-9125-A2A4D8272485}.Debug|x86.Build.0 = Debug|Win32
		{F1E10127-DD00-4668-9125-A2A4D8272485}.Release|x64.ActiveCfg = Release|x64
		{F1E10127-DD00-4668-9125-A2A4D8272485}.Release|x64.Build.0 = Release|x64
		{F1E10127-DD00-4668-9125-A2A4D8272485}.Release|x86.ActiveCfg = Release|Win32
		{F1E10127-DD00-4668-9125-A2A4D8272485}.Release|x86.Build.0 = Release|Win32
		{3DEF488D-9356-49D5-AD48-49AAEBEB80F3}.Debug|x64.ActiveCfg = Debug|x64
		{3DEF488D-9356-49D5-AD48-49AAEBEB80F3}.Debug|x64.Build.0 = Debug|x64
		{3DEF488D-9356-49D5-AD48-49AAEBEB80F3}.Debug|x86.ActiveCfg = Debug|Win32
		{3DEF488D-9356-49D5-AD48-49AAEBEB80F3}.Debug|x86.Build.0 = Debug|Win32
		{3DEF488D-9356-49D5-AD48-49AAEBEB80F3}.Release|x64.ActiveCfg = Release|x64
		{3DEF488D-9356-49D5-AD48-49AAEBEB80F3}.Release|x64.Build.0 = Release|x64
		{3DEF488D-9356-49D5-AD48-49AAEBEB80F3}.Release|x86.ActiveCfg = Release|Win32
		{3DEF488D-9356-49D5-AD48-49AAEBEB80F3}.Release|x86.Build.0 = Release|Win32
		{DD9DB079-6B29-4A6C-8CAC-0CFE974DDCCB}.Debug|x64.ActiveCfg = Debug|x64
		{DD9DB079-6B29-4A6C-8CAC-0CFE974DDCCB}.Debug|x64.Build.0 = Debug|x64
		{DD9DB079-6B29-4A6C-8CAC-0CFE974DDCCB}.Debug|x86.ActiveCfg = Debug|Win32
		{DD9DB079-6B29-4A6C-8CAC-0CFE974DDCCB}.Debug|x86.Build.0 = Debug|Win32
		{DD9DB079-6B29-4A6C-8CAC-0CFE974DDCCB}.Release|x64.ActiveCfg = Release|x64
		{DD9DB079-6B29-4A6C-8CAC-0CFE974DDCCB}.Release|x64.Build.0 = Release|x64
		{DD9DB079-6B29-4A6C-8CAC-0CFE974DDCCB}.Release|x86.ActiveCfg = Release|Win32
		{DD9DB079-6B29-4A6C-8CAC-0CFE974DDCCB}.Release|x86.Build.0 = Release|Win32
		{014E6559-D006-496D-9668-AC025590796D}.Debug|x64.ActiveCfg = Debug|x64
		{014E6559-D006-496D-9668-AC025590796D}.Debug|x64.Build.0 = Debug|x64
		{014E6559-D006-496D-9668-AC025590796D}.Debug|x86.ActiveCfg = Debug|Win32
		{014E6559-D006-496D-9668-AC025590796D}.Debug|x86.Build.0 = Debug|Win32
		{014E6559-D006-496D-9668-AC025590796D}.Release|x64.ActiveCfg = Release|x64
		{014E6559-D006-496D-9668-AC025590796D}.Release|x64.Build.0 = Release|x64
		{014E6559-D006-496D-9668-AC025590796D}.Release|x86.ActiveCfg = Release|Win32
		{014E6559-D006-496D-9668-AC025590796D}.Release|x86.Build.0 = Release|Win32
	EndGlobalSection
	GlobalSection(SolutionProperties) = preSolution
		HideSolutionNode = FALSE
	EndGlobalSection
	GlobalSection(ExtensibilityGlobals) = postSolution
		SolutionGuid = {852BD4DB-81C8-4CC8-85F8-37BE9CA1728B}
	EndGlobalSection
EndGlobal
