
Microsoft Visual Studio Solution File, Format Version 12.00
# Visual Studio Version 16
VisualStudioVersion = 16.0.31729.503
MinimumVisualStudioVersion = 10.0.40219.1
Project("{8BC9CEB8-8B4A-11D0-8D11-00A0C91BC942}") = "Project1", "Project1\Project1.vcxproj", "{14EFB697-6EE3-4EC2-BEB1-99E5B7736D07}"
EndProject
Project("{8BC9CEB8-8B4A-11D0-8D11-00A0C91BC942}") = "ConsoleApplication1", "ConsoleApplication1\ConsoleApplication1.vcxproj", "{4DCA007A-512A-468C-8F8C-440E3BD3E9AB}"
EndProject
Project("{8BC9CEB8-8B4A-11D0-8D11-00A0C91BC942}") = "ConsoleApplication2", "ConsoleApplication2\ConsoleApplication2.vcxproj", "{1CF46AF4-212F-4050-ADDF-8F55DDA5A2AB}"
EndProject
Project("{8BC9CEB8-8B4A-11D0-8D11-00A0C91BC942}") = "ConsoleApplication3", "ConsoleApplication3\ConsoleApplication3.vcxproj", "{878ED184-0DF7-43CC-99FF-5689DCE7B90C}"
EndProject
Project("{8BC9CEB8-8B4A-11D0-8D11-00A0C91BC942}") = "ConsoleApplication3(short)", "ConsoleApplication3(short)\ConsoleApplication3(short).vcxproj", "{DF3A4A5C-E1BB-4ABF-988C-B67DE2956114}"
EndProject
Project("{8BC9CEB8-8B4A-11D0-8D11-00A0C91BC942}") = "ConsoleApplication4", "ConsoleApplication4\ConsoleApplication4.vcxproj", "{BC1D276A-79BE-4082-8EE2-3F6F9CCD2E72}"
EndProject
Project("{8BC9CEB8-8B4A-11D0-8D11-00A0C91BC942}") = "ConsoleApplication5", "ConsoleApplication5\ConsoleApplication5.vcxproj", "{7CFF9B53-38CF-4F61-9154-0AF33538DE9E}"
EndProject
Project("{8BC9CEB8-8B4A-11D0-8D11-00A0C91BC942}") = "ConsoleApplication6", "ConsoleApplication6\ConsoleApplication6.vcxproj", "{02DDB458-1D3B-4467-80EE-CC149F267A05}"
EndProject
Global
	GlobalSection(SolutionConfigurationPlatforms) = preSolution
		Debug|x64 = Debug|x64
		Debug|x86 = Debug|x86
		Release|x64 = Release|x64
		Release|x86 = Release|x86
	EndGlobalSection
	GlobalSection(ProjectConfigurationPlatforms) = postSolution
		{14EFB697-6EE3-4EC2-BEB1-99E5B7736D07}.Debug|x64.ActiveCfg = Debug|x64
		{14EFB697-6EE3-4EC2-BEB1-99E5B7736D07}.Debug|x64.Build.0 = Debug|x64
		{14EFB697-6EE3-4EC2-BEB1-99E5B7736D07}.Debug|x86.ActiveCfg = Debug|Win32
		{14EFB697-6EE3-4EC2-BEB1-99E5B7736D07}.Debug|x86.Build.0 = Debug|Win32
		{14EFB697-6EE3-4EC2-BEB1-99E5B7736D07}.Release|x64.ActiveCfg = Release|x64
		{14EFB697-6EE3-4EC2-BEB1-99E5B7736D07}.Release|x64.Build.0 = Release|x64
		{14EFB697-6EE3-4EC2-BEB1-99E5B7736D07}.Release|x86.ActiveCfg = Release|Win32
		{14EFB697-6EE3-4EC2-BEB1-99E5B7736D07}.Release|x86.Build.0 = Release|Win32
		{4DCA007A-512A-468C-8F8C-440E3BD3E9AB}.Debug|x64.ActiveCfg = Debug|x64
		{4DCA007A-512A-468C-8F8C-440E3BD3E9AB}.Debug|x64.Build.0 = Debug|x64
		{4DCA007A-512A-468C-8F8C-440E3BD3E9AB}.Debug|x86.ActiveCfg = Debug|Win32
		{4DCA007A-512A-468C-8F8C-440E3BD3E9AB}.Debug|x86.Build.0 = Debug|Win32
		{4DCA007A-512A-468C-8F8C-440E3BD3E9AB}.Release|x64.ActiveCfg = Release|x64
		{4DCA007A-512A-468C-8F8C-440E3BD3E9AB}.Release|x64.Build.0 = Release|x64
		{4DCA007A-512A-468C-8F8C-440E3BD3E9AB}.Release|x86.ActiveCfg = Release|Win32
		{4DCA007A-512A-468C-8F8C-440E3BD3E9AB}.Release|x86.Build.0 = Release|Win32
		{1CF46AF4-212F-4050-ADDF-8F55DDA5A2AB}.Debug|x64.ActiveCfg = Debug|x64
		{1CF46AF4-212F-4050-ADDF-8F55DDA5A2AB}.Debug|x64.Build.0 = Debug|x64
		{1CF46AF4-212F-4050-ADDF-8F55DDA5A2AB}.Debug|x86.ActiveCfg = Debug|Win32
		{1CF46AF4-212F-4050-ADDF-8F55DDA5A2AB}.Debug|x86.Build.0 = Debug|Win32
		{1CF46AF4-212F-4050-ADDF-8F55DDA5A2AB}.Release|x64.ActiveCfg = Release|x64
		{1CF46AF4-212F-4050-ADDF-8F55DDA5A2AB}.Release|x64.Build.0 = Release|x64
		{1CF46AF4-212F-4050-ADDF-8F55DDA5A2AB}.Release|x86.ActiveCfg = Release|Win32
		{1CF46AF4-212F-4050-ADDF-8F55DDA5A2AB}.Release|x86.Build.0 = Release|Win32
		{878ED184-0DF7-43CC-99FF-5689DCE7B90C}.Debug|x64.ActiveCfg = Debug|x64
		{878ED184-0DF7-43CC-99FF-5689DCE7B90C}.Debug|x64.Build.0 = Debug|x64
		{878ED184-0DF7-43CC-99FF-5689DCE7B90C}.Debug|x86.ActiveCfg = Debug|Win32
		{878ED184-0DF7-43CC-99FF-5689DCE7B90C}.Debug|x86.Build.0 = Debug|Win32
		{878ED184-0DF7-43CC-99FF-5689DCE7B90C}.Release|x64.ActiveCfg = Release|x64
		{878ED184-0DF7-43CC-99FF-5689DCE7B90C}.Release|x64.Build.0 = Release|x64
		{878ED184-0DF7-43CC-99FF-5689DCE7B90C}.Release|x86.ActiveCfg = Release|Win32
		{878ED184-0DF7-43CC-99FF-5689DCE7B90C}.Release|x86.Build.0 = Release|Win32
		{DF3A4A5C-E1BB-4ABF-988C-B67DE2956114}.Debug|x64.ActiveCfg = Debug|x64
		{DF3A4A5C-E1BB-4ABF-988C-B67DE2956114}.Debug|x64.Build.0 = Debug|x64
		{DF3A4A5C-E1BB-4ABF-988C-B67DE2956114}.Debug|x86.ActiveCfg = Debug|Win32
		{DF3A4A5C-E1BB-4ABF-988C-B67DE2956114}.Debug|x86.Build.0 = Debug|Win32
		{DF3A4A5C-E1BB-4ABF-988C-B67DE2956114}.Release|x64.ActiveCfg = Release|x64
		{DF3A4A5C-E1BB-4ABF-988C-B67DE2956114}.Release|x64.Build.0 = Release|x64
		{DF3A4A5C-E1BB-4ABF-988C-B67DE2956114}.Release|x86.ActiveCfg = Release|Win32
		{DF3A4A5C-E1BB-4ABF-988C-B67DE2956114}.Release|x86.Build.0 = Release|Win32
		{BC1D276A-79BE-4082-8EE2-3F6F9CCD2E72}.Debug|x64.ActiveCfg = Debug|x64
		{BC1D276A-79BE-4082-8EE2-3F6F9CCD2E72}.Debug|x64.Build.0 = Debug|x64
		{BC1D276A-79BE-4082-8EE2-3F6F9CCD2E72}.Debug|x86.ActiveCfg = Debug|Win32
		{BC1D276A-79BE-4082-8EE2-3F6F9CCD2E72}.Debug|x86.Build.0 = Debug|Win32
		{BC1D276A-79BE-4082-8EE2-3F6F9CCD2E72}.Release|x64.ActiveCfg = Release|x64
		{BC1D276A-79BE-4082-8EE2-3F6F9CCD2E72}.Release|x64.Build.0 = Release|x64
		{BC1D276A-79BE-4082-8EE2-3F6F9CCD2E72}.Release|x86.ActiveCfg = Release|Win32
		{BC1D276A-79BE-4082-8EE2-3F6F9CCD2E72}.Release|x86.Build.0 = Release|Win32
		{7CFF9B53-38CF-4F61-9154-0AF33538DE9E}.Debug|x64.ActiveCfg = Debug|x64
		{7CFF9B53-38CF-4F61-9154-0AF33538DE9E}.Debug|x64.Build.0 = Debug|x64
		{7CFF9B53-38CF-4F61-9154-0AF33538DE9E}.Debug|x86.ActiveCfg = Debug|Win32
		{7CFF9B53-38CF-4F61-9154-0AF33538DE9E}.Debug|x86.Build.0 = Debug|Win32
		{7CFF9B53-38CF-4F61-9154-0AF33538DE9E}.Release|x64.ActiveCfg = Release|x64
		{7CFF9B53-38CF-4F61-9154-0AF33538DE9E}.Release|x64.Build.0 = Release|x64
		{7CFF9B53-38CF-4F61-9154-0AF33538DE9E}.Release|x86.ActiveCfg = Release|Win32
		{7CFF9B53-38CF-4F61-9154-0AF33538DE9E}.Release|x86.Build.0 = Release|Win32
		{02DDB458-1D3B-4467-80EE-CC149F267A05}.Debug|x64.ActiveCfg = Debug|x64
		{02DDB458-1D3B-4467-80EE-CC149F267A05}.Debug|x64.Build.0 = Debug|x64
		{02DDB458-1D3B-4467-80EE-CC149F267A05}.Debug|x86.ActiveCfg = Debug|Win32
		{02DDB458-1D3B-4467-80EE-CC149F267A05}.Debug|x86.Build.0 = Debug|Win32
		{02DDB458-1D3B-4467-80EE-CC149F267A05}.Release|x64.ActiveCfg = Release|x64
		{02DDB458-1D3B-4467-80EE-CC149F267A05}.Release|x64.Build.0 = Release|x64
		{02DDB458-1D3B-4467-80EE-CC149F267A05}.Release|x86.ActiveCfg = Release|Win32
		{02DDB458-1D3B-4467-80EE-CC149F267A05}.Release|x86.Build.0 = Release|Win32
	EndGlobalSection
	GlobalSection(SolutionProperties) = preSolution
		HideSolutionNode = FALSE
	EndGlobalSection
	GlobalSection(ExtensibilityGlobals) = postSolution
		SolutionGuid = {64B473AB-468B-4419-823B-A8E4F03FAE60}
	EndGlobalSection
EndGlobal
