
Microsoft Visual Studio Solution File, Format Version 12.00
# Visual Studio Version 16
VisualStudioVersion = 16.0.31729.503
MinimumVisualStudioVersion = 10.0.40219.1
Project("{888888A0-9F3D-457C-B088-3A5042F75D52}") = "H4. Парадигма ООП", "H4. Парадигма ООП\H4. Парадигма ООП.pyproj", "{53000554-E94E-4AD1-A902-FCED73881C99}"
EndProject
Global
	GlobalSection(SolutionConfigurationPlatforms) = preSolution
		Debug|Any CPU = Debug|Any CPU
		Release|Any CPU = Release|Any CPU
	EndGlobalSection
	GlobalSection(ProjectConfigurationPlatforms) = postSolution
		{53000554-E94E-4AD1-A902-FCED73881C99}.Debug|Any CPU.ActiveCfg = Debug|Any CPU
		{53000554-E94E-4AD1-A902-FCED73881C99}.Release|Any CPU.ActiveCfg = Release|Any CPU
	EndGlobalSection
	GlobalSection(SolutionProperties) = preSolution
		HideSolutionNode = FALSE
	EndGlobalSection
	GlobalSection(ExtensibilityGlobals) = postSolution
		SolutionGuid = {3F100996-E757-4A08-8BA4-9BC130036E3F}
	EndGlobalSection
EndGlobal
