
Microsoft Visual Studio Solution File, Format Version 12.00
# Visual Studio Version 16
VisualStudioVersion = 16.0.31729.503
MinimumVisualStudioVersion = 10.0.40219.1
Project("{8BC9CEB8-8B4A-11D0-8D11-00A0C91BC942}") = "Project", "Project\Project.vcxproj", "{B6C9C648-DEBB-4241-A639-33649C3BAFE2}"
EndProject
Project("{8BC9CEB8-8B4A-11D0-8D11-00A0C91BC942}") = "Project1", "Project1\Project1.vcxproj", "{1AA016F8-6D30-4E89-A090-11B1F39CF79D}"
EndProject
Project("{8BC9CEB8-8B4A-11D0-8D11-00A0C91BC942}") = "Project2", "Project2\Project2.vcxproj", "{5136A864-D614-4BBD-ABE9-BC1F12F5E635}"
EndProject
Global
	GlobalSection(SolutionConfigurationPlatforms) = preSolution
		Debug|x64 = Debug|x64
		Debug|x86 = Debug|x86
		Release|x64 = Release|x64
		Release|x86 = Release|x86
	EndGlobalSection
	GlobalSection(ProjectConfigurationPlatforms) = postSolution
		{B6C9C648-DEBB-4241-A639-33649C3BAFE2}.Debug|x64.ActiveCfg = Debug|x64
		{B6C9C648-DEBB-4241-A639-33649C3BAFE2}.Debug|x64.Build.0 = Debug|x64
		{B6C9C648-DEBB-4241-A639-33649C3BAFE2}.Debug|x86.ActiveCfg = Debug|Win32
		{B6C9C648-DEBB-4241-A639-33649C3BAFE2}.Debug|x86.Build.0 = Debug|Win32
		{B6C9C648-DEBB-4241-A639-33649C3BAFE2}.Release|x64.ActiveCfg = Release|x64
		{B6C9C648-DEBB-4241-A639-33649C3BAFE2}.Release|x64.Build.0 = Release|x64
		{B6C9C648-DEBB-4241-A639-33649C3BAFE2}.Release|x86.ActiveCfg = Release|Win32
		{B6C9C648-DEBB-4241-A639-33649C3BAFE2}.Release|x86.Build.0 = Release|Win32
		{1AA016F8-6D30-4E89-A090-11B1F39CF79D}.Debug|x64.ActiveCfg = Debug|x64
		{1AA016F8-6D30-4E89-A090-11B1F39CF79D}.Debug|x64.Build.0 = Debug|x64
		{1AA016F8-6D30-4E89-A090-11B1F39CF79D}.Debug|x86.ActiveCfg = Debug|Win32
		{1AA016F8-6D30-4E89-A090-11B1F39CF79D}.Debug|x86.Build.0 = Debug|Win32
		{1AA016F8-6D30-4E89-A090-11B1F39CF79D}.Release|x64.ActiveCfg = Release|x64
		{1AA016F8-6D30-4E89-A090-11B1F39CF79D}.Release|x64.Build.0 = Release|x64
		{1AA016F8-6D30-4E89-A090-11B1F39CF79D}.Release|x86.ActiveCfg = Release|Win32
		{1AA016F8-6D30-4E89-A090-11B1F39CF79D}.Release|x86.Build.0 = Release|Win32
		{5136A864-D614-4BBD-ABE9-BC1F12F5E635}.Debug|x64.ActiveCfg = Debug|x64
		{5136A864-D614-4BBD-ABE9-BC1F12F5E635}.Debug|x64.Build.0 = Debug|x64
		{5136A864-D614-4BBD-ABE9-BC1F12F5E635}.Debug|x86.ActiveCfg = Debug|Win32
		{5136A864-D614-4BBD-ABE9-BC1F12F5E635}.Debug|x86.Build.0 = Debug|Win32
		{5136A864-D614-4BBD-ABE9-BC1F12F5E635}.Release|x64.ActiveCfg = Release|x64
		{5136A864-D614-4BBD-ABE9-BC1F12F5E635}.Release|x64.Build.0 = Release|x64
		{5136A864-D614-4BBD-ABE9-BC1F12F5E635}.Release|x86.ActiveCfg = Release|Win32
		{5136A864-D614-4BBD-ABE9-BC1F12F5E635}.Release|x86.Build.0 = Release|Win32
	EndGlobalSection
	GlobalSection(SolutionProperties) = preSolution
		HideSolutionNode = FALSE
	EndGlobalSection
	GlobalSection(ExtensibilityGlobals) = postSolution
		SolutionGuid = {01EB0905-085D-4A56-B318-95EBF90F0F41}
	EndGlobalSection
EndGlobal
